// !$*UTF8*$!
{
	archiveVersion = 1;
	classes = {
	};
	objectVersion = 56;
	objects = {

/* Begin PBXBuildFile section */
		30484DCF2AF7A2F4000C6ED4 /* GFError.swift in Sources */ = {isa = PBXBuildFile; fileRef = 30484DCE2AF7A2F4000C6ED4 /* GFError.swift */; };
		305882E02AE010C600BDCA32 /* Follower.swift in Sources */ = {isa = PBXBuildFile; fileRef = 305882DF2AE010C600BDCA32 /* Follower.swift */; };
		305882E22AE0118F00BDCA32 /* User.swift in Sources */ = {isa = PBXBuildFile; fileRef = 305882E12AE0118F00BDCA32 /* User.swift */; };
		3067D9772AF79A1800D7D1BB /* UserInfoVC.swift in Sources */ = {isa = PBXBuildFile; fileRef = 3067D9762AF79A1800D7D1BB /* UserInfoVC.swift */; };
		3076096C2ADC4086004F793D /* AppDelegate.swift in Sources */ = {isa = PBXBuildFile; fileRef = 3076096B2ADC4086004F793D /* AppDelegate.swift */; };
		3076096E2ADC4086004F793D /* SceneDelegate.swift in Sources */ = {isa = PBXBuildFile; fileRef = 3076096D2ADC4086004F793D /* SceneDelegate.swift */; };
		307609752ADC4087004F793D /* Assets.xcassets in Resources */ = {isa = PBXBuildFile; fileRef = 307609742ADC4087004F793D /* Assets.xcassets */; };
		307609782ADC4087004F793D /* LaunchScreen.storyboard in Resources */ = {isa = PBXBuildFile; fileRef = 307609762ADC4087004F793D /* LaunchScreen.storyboard */; };
		307609802ADC4C26004F793D /* SearchVC.swift in Sources */ = {isa = PBXBuildFile; fileRef = 3076097F2ADC4C26004F793D /* SearchVC.swift */; };
		307609822ADC4C6F004F793D /* FavoritesListsVC.swift in Sources */ = {isa = PBXBuildFile; fileRef = 307609812ADC4C6F004F793D /* FavoritesListsVC.swift */; };
		307B7F4C2AEA9DA2005C88A8 /* GFEmptyStateView.swift in Sources */ = {isa = PBXBuildFile; fileRef = 307B7F4B2AEA9DA2005C88A8 /* GFEmptyStateView.swift */; };
		309130AB2ADD75E7007F4BB6 /* GFButton.swift in Sources */ = {isa = PBXBuildFile; fileRef = 309130AA2ADD75E7007F4BB6 /* GFButton.swift */; };
		309130AD2ADD79A5007F4BB6 /* GFTextField.swift in Sources */ = {isa = PBXBuildFile; fileRef = 309130AC2ADD79A5007F4BB6 /* GFTextField.swift */; };
		30952B4D2AE16B2D0033FE5F /* NetworkManager.swift in Sources */ = {isa = PBXBuildFile; fileRef = 30952B4C2AE16B2D0033FE5F /* NetworkManager.swift */; };
		30CEDA192AE400FC001A6E98 /* FollowerCell.swift in Sources */ = {isa = PBXBuildFile; fileRef = 30CEDA182AE400FC001A6E98 /* FollowerCell.swift */; };
		30CEDA1B2AE401B3001A6E98 /* GFAvatarImageView.swift in Sources */ = {isa = PBXBuildFile; fileRef = 30CEDA1A2AE401B3001A6E98 /* GFAvatarImageView.swift */; };
		30DB15022ADEB0D300F1ABD1 /* FollowerListVC.swift in Sources */ = {isa = PBXBuildFile; fileRef = 30DB15012ADEB0D300F1ABD1 /* FollowerListVC.swift */; };
		30DB15042ADEB99200F1ABD1 /* GFTitleLabel.swift in Sources */ = {isa = PBXBuildFile; fileRef = 30DB15032ADEB99200F1ABD1 /* GFTitleLabel.swift */; };
		30DB15062ADEBBCE00F1ABD1 /* GFBodyLabel.swift in Sources */ = {isa = PBXBuildFile; fileRef = 30DB15052ADEBBCE00F1ABD1 /* GFBodyLabel.swift */; };
		30DB15082ADEBCC600F1ABD1 /* GFAlertVC.swift in Sources */ = {isa = PBXBuildFile; fileRef = 30DB15072ADEBCC600F1ABD1 /* GFAlertVC.swift */; };
		30DB150A2ADEC52300F1ABD1 /* GFAlertView.swift in Sources */ = {isa = PBXBuildFile; fileRef = 30DB15092ADEC52300F1ABD1 /* GFAlertView.swift */; };
		30DB150C2ADECB4600F1ABD1 /* UIViewController+Ext.swift in Sources */ = {isa = PBXBuildFile; fileRef = 30DB150B2ADECB4600F1ABD1 /* UIViewController+Ext.swift */; };
		30E044932AE68F5300C2B3D4 /* UIHelper.swift in Sources */ = {isa = PBXBuildFile; fileRef = 30E044922AE68F5300C2B3D4 /* UIHelper.swift */; };
/* End PBXBuildFile section */

/* Begin PBXFileReference section */
		30484DCE2AF7A2F4000C6ED4 /* GFError.swift */ = {isa = PBXFileReference; lastKnownFileType = sourcecode.swift; path = GFError.swift; sourceTree = "<group>"; };
		305882DF2AE010C600BDCA32 /* Follower.swift */ = {isa = PBXFileReference; lastKnownFileType = sourcecode.swift; path = Follower.swift; sourceTree = "<group>"; };
		305882E12AE0118F00BDCA32 /* User.swift */ = {isa = PBXFileReference; lastKnownFileType = sourcecode.swift; path = User.swift; sourceTree = "<group>"; };
		3067D9762AF79A1800D7D1BB /* UserInfoVC.swift */ = {isa = PBXFileReference; lastKnownFileType = sourcecode.swift; path = UserInfoVC.swift; sourceTree = "<group>"; };
		307609682ADC4086004F793D /* GitHubFollowers.app */ = {isa = PBXFileReference; explicitFileType = wrapper.application; includeInIndex = 0; path = GitHubFollowers.app; sourceTree = BUILT_PRODUCTS_DIR; };
		3076096B2ADC4086004F793D /* AppDelegate.swift */ = {isa = PBXFileReference; lastKnownFileType = sourcecode.swift; path = AppDelegate.swift; sourceTree = "<group>"; };
		3076096D2ADC4086004F793D /* SceneDelegate.swift */ = {isa = PBXFileReference; lastKnownFileType = sourcecode.swift; path = SceneDelegate.swift; sourceTree = "<group>"; };
		307609742ADC4087004F793D /* Assets.xcassets */ = {isa = PBXFileReference; lastKnownFileType = folder.assetcatalog; path = Assets.xcassets; sourceTree = "<group>"; };
		307609772ADC4087004F793D /* Base */ = {isa = PBXFileReference; lastKnownFileType = file.storyboard; name = Base; path = Base.lproj/LaunchScreen.storyboard; sourceTree = "<group>"; };
		307609792ADC4087004F793D /* Info.plist */ = {isa = PBXFileReference; lastKnownFileType = text.plist.xml; path = Info.plist; sourceTree = "<group>"; };
		3076097F2ADC4C26004F793D /* SearchVC.swift */ = {isa = PBXFileReference; lastKnownFileType = sourcecode.swift; path = SearchVC.swift; sourceTree = "<group>"; };
		307609812ADC4C6F004F793D /* FavoritesListsVC.swift */ = {isa = PBXFileReference; lastKnownFileType = sourcecode.swift; path = FavoritesListsVC.swift; sourceTree = "<group>"; };
		307B7F4B2AEA9DA2005C88A8 /* GFEmptyStateView.swift */ = {isa = PBXFileReference; lastKnownFileType = sourcecode.swift; path = GFEmptyStateView.swift; sourceTree = "<group>"; };
		309130AA2ADD75E7007F4BB6 /* GFButton.swift */ = {isa = PBXFileReference; lastKnownFileType = sourcecode.swift; path = GFButton.swift; sourceTree = "<group>"; };
		309130AC2ADD79A5007F4BB6 /* GFTextField.swift */ = {isa = PBXFileReference; lastKnownFileType = sourcecode.swift; path = GFTextField.swift; sourceTree = "<group>"; };
		30952B4C2AE16B2D0033FE5F /* NetworkManager.swift */ = {isa = PBXFileReference; lastKnownFileType = sourcecode.swift; path = NetworkManager.swift; sourceTree = "<group>"; };
		30CEDA182AE400FC001A6E98 /* FollowerCell.swift */ = {isa = PBXFileReference; lastKnownFileType = sourcecode.swift; path = FollowerCell.swift; sourceTree = "<group>"; };
		30CEDA1A2AE401B3001A6E98 /* GFAvatarImageView.swift */ = {isa = PBXFileReference; lastKnownFileType = sourcecode.swift; path = GFAvatarImageView.swift; sourceTree = "<group>"; };
		30DB15012ADEB0D300F1ABD1 /* FollowerListVC.swift */ = {isa = PBXFileReference; lastKnownFileType = sourcecode.swift; path = FollowerListVC.swift; sourceTree = "<group>"; };
		30DB15032ADEB99200F1ABD1 /* GFTitleLabel.swift */ = {isa = PBXFileReference; lastKnownFileType = sourcecode.swift; path = GFTitleLabel.swift; sourceTree = "<group>"; };
		30DB15052ADEBBCE00F1ABD1 /* GFBodyLabel.swift */ = {isa = PBXFileReference; lastKnownFileType = sourcecode.swift; path = GFBodyLabel.swift; sourceTree = "<group>"; };
		30DB15072ADEBCC600F1ABD1 /* GFAlertVC.swift */ = {isa = PBXFileReference; lastKnownFileType = sourcecode.swift; path = GFAlertVC.swift; sourceTree = "<group>"; };
		30DB15092ADEC52300F1ABD1 /* GFAlertView.swift */ = {isa = PBXFileReference; lastKnownFileType = sourcecode.swift; path = GFAlertView.swift; sourceTree = "<group>"; };
		30DB150B2ADECB4600F1ABD1 /* UIViewController+Ext.swift */ = {isa = PBXFileReference; lastKnownFileType = sourcecode.swift; path = "UIViewController+Ext.swift"; sourceTree = "<group>"; };
		30E044922AE68F5300C2B3D4 /* UIHelper.swift */ = {isa = PBXFileReference; lastKnownFileType = sourcecode.swift; path = UIHelper.swift; sourceTree = "<group>"; };
/* End PBXFileReference section */

/* Begin PBXFrameworksBuildPhase section */
		307609652ADC4086004F793D /* Frameworks */ = {
			isa = PBXFrameworksBuildPhase;
			buildActionMask = 2147483647;
			files = (
			);
			runOnlyForDeploymentPostprocessing = 0;
		};
/* End PBXFrameworksBuildPhase section */

/* Begin PBXGroup section */
		305882DE2AE010B200BDCA32 /* Model */ = {
			isa = PBXGroup;
			children = (
				305882DF2AE010C600BDCA32 /* Follower.swift */,
				305882E12AE0118F00BDCA32 /* User.swift */,
			);
			path = Model;
			sourceTree = "<group>";
		};
		3076095F2ADC4086004F793D = {
			isa = PBXGroup;
			children = (
				3076096A2ADC4086004F793D /* GitHubFollowers */,
				307609692ADC4086004F793D /* Products */,
			);
			sourceTree = "<group>";
		};
		307609692ADC4086004F793D /* Products */ = {
			isa = PBXGroup;
			children = (
				307609682ADC4086004F793D /* GitHubFollowers.app */,
			);
			name = Products;
			sourceTree = "<group>";
		};
		3076096A2ADC4086004F793D /* GitHubFollowers */ = {
			isa = PBXGroup;
			children = (
				30952B4E2AE177A40033FE5F /* Utilities */,
				30952B4B2AE16B1C0033FE5F /* Managers */,
				305882DE2AE010B200BDCA32 /* Model */,
				30DB150F2ADED33700F1ABD1 /* Extensions */,
				30DB150E2ADED2DE00F1ABD1 /* Custom Views */,
				30DB150D2ADED28500F1ABD1 /* Screens */,
				308174752ADEDF50006317F9 /* Support */,
			);
			path = GitHubFollowers;
			sourceTree = "<group>";
		};
		307B7F432AEA9ADC005C88A8 /* Views */ = {
			isa = PBXGroup;
			children = (
				30DB15092ADEC52300F1ABD1 /* GFAlertView.swift */,
				307B7F4B2AEA9DA2005C88A8 /* GFEmptyStateView.swift */,
			);
			path = Views;
			sourceTree = "<group>";
		};
		307B7F442AEA9AE2005C88A8 /* Buttons */ = {
			isa = PBXGroup;
			children = (
				309130AA2ADD75E7007F4BB6 /* GFButton.swift */,
			);
			path = Buttons;
			sourceTree = "<group>";
		};
		307B7F452AEA9AEA005C88A8 /* TextFields */ = {
			isa = PBXGroup;
			children = (
				309130AC2ADD79A5007F4BB6 /* GFTextField.swift */,
			);
			path = TextFields;
			sourceTree = "<group>";
		};
		307B7F462AEA9AF8005C88A8 /* ImageViews */ = {
			isa = PBXGroup;
			children = (
				30CEDA1A2AE401B3001A6E98 /* GFAvatarImageView.swift */,
			);
			path = ImageViews;
			sourceTree = "<group>";
		};
		307B7F472AEA9B04005C88A8 /* ViewControllers */ = {
			isa = PBXGroup;
			children = (
				30DB15072ADEBCC600F1ABD1 /* GFAlertVC.swift */,
			);
			path = ViewControllers;
			sourceTree = "<group>";
		};
		307B7F482AEA9B22005C88A8 /* Labels */ = {
			isa = PBXGroup;
			children = (
				30DB15032ADEB99200F1ABD1 /* GFTitleLabel.swift */,
				30DB15052ADEBBCE00F1ABD1 /* GFBodyLabel.swift */,
			);
			path = Labels;
			sourceTree = "<group>";
		};
		308174752ADEDF50006317F9 /* Support */ = {
			isa = PBXGroup;
			children = (
				3076096B2ADC4086004F793D /* AppDelegate.swift */,
				3076096D2ADC4086004F793D /* SceneDelegate.swift */,
				307609742ADC4087004F793D /* Assets.xcassets */,
				307609762ADC4087004F793D /* LaunchScreen.storyboard */,
				307609792ADC4087004F793D /* Info.plist */,
			);
			name = Support;
			sourceTree = "<group>";
		};
		30952B4B2AE16B1C0033FE5F /* Managers */ = {
			isa = PBXGroup;
			children = (
				30952B4C2AE16B2D0033FE5F /* NetworkManager.swift */,
			);
			path = Managers;
			sourceTree = "<group>";
		};
		30952B4E2AE177A40033FE5F /* Utilities */ = {
			isa = PBXGroup;
			children = (
				30E044922AE68F5300C2B3D4 /* UIHelper.swift */,
				30484DCE2AF7A2F4000C6ED4 /* GFError.swift */,
			);
			path = Utilities;
			sourceTree = "<group>";
		};
		30CEDA172AE400CE001A6E98 /* Cells */ = {
			isa = PBXGroup;
			children = (
				30CEDA182AE400FC001A6E98 /* FollowerCell.swift */,
			);
			path = Cells;
			sourceTree = "<group>";
		};
		30DB150D2ADED28500F1ABD1 /* Screens */ = {
			isa = PBXGroup;
			children = (
				30DB15012ADEB0D300F1ABD1 /* FollowerListVC.swift */,
				307609812ADC4C6F004F793D /* FavoritesListsVC.swift */,
				3076097F2ADC4C26004F793D /* SearchVC.swift */,
				3067D9762AF79A1800D7D1BB /* UserInfoVC.swift */,
			);
			path = Screens;
			sourceTree = "<group>";
		};
		30DB150E2ADED2DE00F1ABD1 /* Custom Views */ = {
			isa = PBXGroup;
			children = (
				307B7F482AEA9B22005C88A8 /* Labels */,
				307B7F472AEA9B04005C88A8 /* ViewControllers */,
				307B7F462AEA9AF8005C88A8 /* ImageViews */,
				307B7F452AEA9AEA005C88A8 /* TextFields */,
				307B7F442AEA9AE2005C88A8 /* Buttons */,
				307B7F432AEA9ADC005C88A8 /* Views */,
				30CEDA172AE400CE001A6E98 /* Cells */,
			);
			path = "Custom Views";
			sourceTree = "<group>";
		};
		30DB150F2ADED33700F1ABD1 /* Extensions */ = {
			isa = PBXGroup;
			children = (
				30DB150B2ADECB4600F1ABD1 /* UIViewController+Ext.swift */,
			);
			path = Extensions;
			sourceTree = "<group>";
		};
/* End PBXGroup section */

/* Begin PBXNativeTarget section */
		307609672ADC4086004F793D /* GitHubFollowers */ = {
			isa = PBXNativeTarget;
			buildConfigurationList = 3076097C2ADC4087004F793D /* Build configuration list for PBXNativeTarget "GitHubFollowers" */;
			buildPhases = (
				307609642ADC4086004F793D /* Sources */,
				307609652ADC4086004F793D /* Frameworks */,
				307609662ADC4086004F793D /* Resources */,
			);
			buildRules = (
			);
			dependencies = (
			);
			name = GitHubFollowers;
			productName = GitHubFollowers;
			productReference = 307609682ADC4086004F793D /* GitHubFollowers.app */;
			productType = "com.apple.product-type.application";
		};
/* End PBXNativeTarget section */

/* Begin PBXProject section */
		307609602ADC4086004F793D /* Project object */ = {
			isa = PBXProject;
			attributes = {
				BuildIndependentTargetsInParallel = 1;
				LastSwiftUpdateCheck = 1500;
				LastUpgradeCheck = 1500;
				TargetAttributes = {
					307609672ADC4086004F793D = {
						CreatedOnToolsVersion = 15.0;
					};
				};
			};
			buildConfigurationList = 307609632ADC4086004F793D /* Build configuration list for PBXProject "GitHubFollowers" */;
			compatibilityVersion = "Xcode 14.0";
			developmentRegion = en;
			hasScannedForEncodings = 0;
			knownRegions = (
				en,
				Base,
			);
			mainGroup = 3076095F2ADC4086004F793D;
			productRefGroup = 307609692ADC4086004F793D /* Products */;
			projectDirPath = "";
			projectRoot = "";
			targets = (
				307609672ADC4086004F793D /* GitHubFollowers */,
			);
		};
/* End PBXProject section */

/* Begin PBXResourcesBuildPhase section */
		307609662ADC4086004F793D /* Resources */ = {
			isa = PBXResourcesBuildPhase;
			buildActionMask = 2147483647;
			files = (
				307609782ADC4087004F793D /* LaunchScreen.storyboard in Resources */,
				307609752ADC4087004F793D /* Assets.xcassets in Resources */,
			);
			runOnlyForDeploymentPostprocessing = 0;
		};
/* End PBXResourcesBuildPhase section */

/* Begin PBXSourcesBuildPhase section */
		307609642ADC4086004F793D /* Sources */ = {
			isa = PBXSourcesBuildPhase;
			buildActionMask = 2147483647;
			files = (
				309130AD2ADD79A5007F4BB6 /* GFTextField.swift in Sources */,
				307609822ADC4C6F004F793D /* FavoritesListsVC.swift in Sources */,
				30DB150C2ADECB4600F1ABD1 /* UIViewController+Ext.swift in Sources */,
				309130AB2ADD75E7007F4BB6 /* GFButton.swift in Sources */,
				307609802ADC4C26004F793D /* SearchVC.swift in Sources */,
				307B7F4C2AEA9DA2005C88A8 /* GFEmptyStateView.swift in Sources */,
				30DB15082ADEBCC600F1ABD1 /* GFAlertVC.swift in Sources */,
				305882E22AE0118F00BDCA32 /* User.swift in Sources */,
				30484DCF2AF7A2F4000C6ED4 /* GFError.swift in Sources */,
				30CEDA192AE400FC001A6E98 /* FollowerCell.swift in Sources */,
				30CEDA1B2AE401B3001A6E98 /* GFAvatarImageView.swift in Sources */,
				30DB15062ADEBBCE00F1ABD1 /* GFBodyLabel.swift in Sources */,
				3067D9772AF79A1800D7D1BB /* UserInfoVC.swift in Sources */,
				305882E02AE010C600BDCA32 /* Follower.swift in Sources */,
				30DB15042ADEB99200F1ABD1 /* GFTitleLabel.swift in Sources */,
				30DB150A2ADEC52300F1ABD1 /* GFAlertView.swift in Sources */,
				30DB15022ADEB0D300F1ABD1 /* FollowerListVC.swift in Sources */,
				30E044932AE68F5300C2B3D4 /* UIHelper.swift in Sources */,
				30952B4D2AE16B2D0033FE5F /* NetworkManager.swift in Sources */,
				3076096C2ADC4086004F793D /* AppDelegate.swift in Sources */,
				3076096E2ADC4086004F793D /* SceneDelegate.swift in Sources */,
			);
			runOnlyForDeploymentPostprocessing = 0;
		};
/* End PBXSourcesBuildPhase section */

/* Begin PBXVariantGroup section */
		307609762ADC4087004F793D /* LaunchScreen.storyboard */ = {
			isa = PBXVariantGroup;
			children = (
				307609772ADC4087004F793D /* Base */,
			);
			name = LaunchScreen.storyboard;
			sourceTree = "<group>";
		};
/* End PBXVariantGroup section */

/* Begin XCBuildConfiguration section */
		3076097A2ADC4087004F793D /* Debug */ = {
			isa = XCBuildConfiguration;
			buildSettings = {
				ALWAYS_SEARCH_USER_PATHS = NO;
				ASSETCATALOG_COMPILER_GENERATE_SWIFT_ASSET_SYMBOL_EXTENSIONS = YES;
				CLANG_ANALYZER_NONNULL = YES;
				CLANG_ANALYZER_NUMBER_OBJECT_CONVERSION = YES_AGGRESSIVE;
				CLANG_CXX_LANGUAGE_STANDARD = "gnu++20";
				CLANG_ENABLE_MODULES = YES;
				CLANG_ENABLE_OBJC_ARC = YES;
				CLANG_ENABLE_OBJC_WEAK = YES;
				CLANG_WARN_BLOCK_CAPTURE_AUTORELEASING = YES;
				CLANG_WARN_BOOL_CONVERSION = YES;
				CLANG_WARN_COMMA = YES;
				CLANG_WARN_CONSTANT_CONVERSION = YES;
				CLANG_WARN_DEPRECATED_OBJC_IMPLEMENTATIONS = YES;
				CLANG_WARN_DIRECT_OBJC_ISA_USAGE = YES_ERROR;
				CLANG_WARN_DOCUMENTATION_COMMENTS = YES;
				CLANG_WARN_EMPTY_BODY = YES;
				CLANG_WARN_ENUM_CONVERSION = YES;
				CLANG_WARN_INFINITE_RECURSION = YES;
				CLANG_WARN_INT_CONVERSION = YES;
				CLANG_WARN_NON_LITERAL_NULL_CONVERSION = YES;
				CLANG_WARN_OBJC_IMPLICIT_RETAIN_SELF = YES;
				CLANG_WARN_OBJC_LITERAL_CONVERSION = YES;
				CLANG_WARN_OBJC_ROOT_CLASS = YES_ERROR;
				CLANG_WARN_QUOTED_INCLUDE_IN_FRAMEWORK_HEADER = YES;
				CLANG_WARN_RANGE_LOOP_ANALYSIS = YES;
				CLANG_WARN_STRICT_PROTOTYPES = YES;
				CLANG_WARN_SUSPICIOUS_MOVE = YES;
				CLANG_WARN_UNGUARDED_AVAILABILITY = YES_AGGRESSIVE;
				CLANG_WARN_UNREACHABLE_CODE = YES;
				CLANG_WARN__DUPLICATE_METHOD_MATCH = YES;
				COPY_PHASE_STRIP = NO;
				DEBUG_INFORMATION_FORMAT = dwarf;
				ENABLE_STRICT_OBJC_MSGSEND = YES;
				ENABLE_TESTABILITY = YES;
				ENABLE_USER_SCRIPT_SANDBOXING = YES;
				GCC_C_LANGUAGE_STANDARD = gnu17;
				GCC_DYNAMIC_NO_PIC = NO;
				GCC_NO_COMMON_BLOCKS = YES;
				GCC_OPTIMIZATION_LEVEL = 0;
				GCC_PREPROCESSOR_DEFINITIONS = (
					"DEBUG=1",
					"$(inherited)",
				);
				GCC_WARN_64_TO_32_BIT_CONVERSION = YES;
				GCC_WARN_ABOUT_RETURN_TYPE = YES_ERROR;
				GCC_WARN_UNDECLARED_SELECTOR = YES;
				GCC_WARN_UNINITIALIZED_AUTOS = YES_AGGRESSIVE;
				GCC_WARN_UNUSED_FUNCTION = YES;
				GCC_WARN_UNUSED_VARIABLE = YES;
				IPHONEOS_DEPLOYMENT_TARGET = 17.0;
				LOCALIZATION_PREFERS_STRING_CATALOGS = YES;
				MTL_ENABLE_DEBUG_INFO = INCLUDE_SOURCE;
				MTL_FAST_MATH = YES;
				ONLY_ACTIVE_ARCH = YES;
				SDKROOT = iphoneos;
				SWIFT_ACTIVE_COMPILATION_CONDITIONS = "DEBUG $(inherited)";
				SWIFT_OPTIMIZATION_LEVEL = "-Onone";
			};
			name = Debug;
		};
		3076097B2ADC4087004F793D /* Release */ = {
			isa = XCBuildConfiguration;
			buildSettings = {
				ALWAYS_SEARCH_USER_PATHS = NO;
				ASSETCATALOG_COMPILER_GENERATE_SWIFT_ASSET_SYMBOL_EXTENSIONS = YES;
				CLANG_ANALYZER_NONNULL = YES;
				CLANG_ANALYZER_NUMBER_OBJECT_CONVERSION = YES_AGGRESSIVE;
				CLANG_CXX_LANGUAGE_STANDARD = "gnu++20";
				CLANG_ENABLE_MODULES = YES;
				CLANG_ENABLE_OBJC_ARC = YES;
				CLANG_ENABLE_OBJC_WEAK = YES;
				CLANG_WARN_BLOCK_CAPTURE_AUTORELEASING = YES;
				CLANG_WARN_BOOL_CONVERSION = YES;
				CLANG_WARN_COMMA = YES;
				CLANG_WARN_CONSTANT_CONVERSION = YES;
				CLANG_WARN_DEPRECATED_OBJC_IMPLEMENTATIONS = YES;
				CLANG_WARN_DIRECT_OBJC_ISA_USAGE = YES_ERROR;
				CLANG_WARN_DOCUMENTATION_COMMENTS = YES;
				CLANG_WARN_EMPTY_BODY = YES;
				CLANG_WARN_ENUM_CONVERSION = YES;
				CLANG_WARN_INFINITE_RECURSION = YES;
				CLANG_WARN_INT_CONVERSION = YES;
				CLANG_WARN_NON_LITERAL_NULL_CONVERSION = YES;
				CLANG_WARN_OBJC_IMPLICIT_RETAIN_SELF = YES;
				CLANG_WARN_OBJC_LITERAL_CONVERSION = YES;
				CLANG_WARN_OBJC_ROOT_CLASS = YES_ERROR;
				CLANG_WARN_QUOTED_INCLUDE_IN_FRAMEWORK_HEADER = YES;
				CLANG_WARN_RANGE_LOOP_ANALYSIS = YES;
				CLANG_WARN_STRICT_PROTOTYPES = YES;
				CLANG_WARN_SUSPICIOUS_MOVE = YES;
				CLANG_WARN_UNGUARDED_AVAILABILITY = YES_AGGRESSIVE;
				CLANG_WARN_UNREACHABLE_CODE = YES;
				CLANG_WARN__DUPLICATE_METHOD_MATCH = YES;
				COPY_PHASE_STRIP = NO;
				DEBUG_INFORMATION_FORMAT = "dwarf-with-dsym";
				ENABLE_NS_ASSERTIONS = NO;
				ENABLE_STRICT_OBJC_MSGSEND = YES;
				ENABLE_USER_SCRIPT_SANDBOXING = YES;
				GCC_C_LANGUAGE_STANDARD = gnu17;
				GCC_NO_COMMON_BLOCKS = YES;
				GCC_WARN_64_TO_32_BIT_CONVERSION = YES;
				GCC_WARN_ABOUT_RETURN_TYPE = YES_ERROR;
				GCC_WARN_UNDECLARED_SELECTOR = YES;
				GCC_WARN_UNINITIALIZED_AUTOS = YES_AGGRESSIVE;
				GCC_WARN_UNUSED_FUNCTION = YES;
				GCC_WARN_UNUSED_VARIABLE = YES;
				IPHONEOS_DEPLOYMENT_TARGET = 17.0;
				LOCALIZATION_PREFERS_STRING_CATALOGS = YES;
				MTL_ENABLE_DEBUG_INFO = NO;
				MTL_FAST_MATH = YES;
				SDKROOT = iphoneos;
				SWIFT_COMPILATION_MODE = wholemodule;
				VALIDATE_PRODUCT = YES;
			};
			name = Release;
		};
		3076097D2ADC4087004F793D /* Debug */ = {
			isa = XCBuildConfiguration;
			buildSettings = {
				ASSETCATALOG_COMPILER_APPICON_NAME = AppIcon;
				ASSETCATALOG_COMPILER_GLOBAL_ACCENT_COLOR_NAME = AccentColor;
				CLANG_USE_OPTIMIZATION_PROFILE = NO;
				CODE_SIGN_STYLE = Automatic;
				CURRENT_PROJECT_VERSION = 1;
				DEVELOPMENT_TEAM = 63C6GDV6M6;
				GENERATE_INFOPLIST_FILE = YES;
				INFOPLIST_FILE = GitHubFollowers/Info.plist;
				INFOPLIST_KEY_CFBundleDisplayName = "GitHub Followers";
				INFOPLIST_KEY_UIApplicationSupportsIndirectInputEvents = YES;
				INFOPLIST_KEY_UILaunchStoryboardName = LaunchScreen;
				INFOPLIST_KEY_UIStatusBarStyle = "";
				INFOPLIST_KEY_UISupportedInterfaceOrientations = UIInterfaceOrientationPortrait;
				LD_RUNPATH_SEARCH_PATHS = (
					"$(inherited)",
					"@executable_path/Frameworks",
				);
				MARKETING_VERSION = 1.0;
				PRODUCT_BUNDLE_IDENTIFIER = HasanYavuz.GitHubFollowers;
				PRODUCT_NAME = "$(TARGET_NAME)";
				SUPPORTED_PLATFORMS = "iphoneos iphonesimulator";
				SUPPORTS_MACCATALYST = NO;
				SUPPORTS_MAC_DESIGNED_FOR_IPHONE_IPAD = NO;
				SWIFT_EMIT_LOC_STRINGS = YES;
				SWIFT_VERSION = 5.0;
				TARGETED_DEVICE_FAMILY = 1;
			};
			name = Debug;
		};
		3076097E2ADC4087004F793D /* Release */ = {
			isa = XCBuildConfiguration;
			buildSettings = {
				ASSETCATALOG_COMPILER_APPICON_NAME = AppIcon;
				ASSETCATALOG_COMPILER_GLOBAL_ACCENT_COLOR_NAME = AccentColor;
				CLANG_USE_OPTIMIZATION_PROFILE = NO;
				CODE_SIGN_STYLE = Automatic;
				CURRENT_PROJECT_VERSION = 1;
				DEVELOPMENT_TEAM = 63C6GDV6M6;
				GENERATE_INFOPLIST_FILE = YES;
				INFOPLIST_FILE = GitHubFollowers/Info.plist;
				INFOPLIST_KEY_CFBundleDisplayName = "GitHub Followers";
				INFOPLIST_KEY_UIApplicationSupportsIndirectInputEvents = YES;
				INFOPLIST_KEY_UILaunchStoryboardName = LaunchScreen;
				INFOPLIST_KEY_UIStatusBarStyle = "";
				INFOPLIST_KEY_UISupportedInterfaceOrientations = UIInterfaceOrientationPortrait;
				LD_RUNPATH_SEARCH_PATHS = (
					"$(inherited)",
					"@executable_path/Frameworks",
				);
				MARKETING_VERSION = 1.0;
				PRODUCT_BUNDLE_IDENTIFIER = HasanYavuz.GitHubFollowers;
				PRODUCT_NAME = "$(TARGET_NAME)";
				SUPPORTED_PLATFORMS = "iphoneos iphonesimulator";
				SUPPORTS_MACCATALYST = NO;
				SUPPORTS_MAC_DESIGNED_FOR_IPHONE_IPAD = NO;
				SWIFT_EMIT_LOC_STRINGS = YES;
				SWIFT_VERSION = 5.0;
				TARGETED_DEVICE_FAMILY = 1;
			};
			name = Release;
		};
/* End XCBuildConfiguration section */

/* Begin XCConfigurationList section */
		307609632ADC4086004F793D /* Build configuration list for PBXProject "GitHubFollowers" */ = {
			isa = XCConfigurationList;
			buildConfigurations = (
				3076097A2ADC4087004F793D /* Debug */,
				3076097B2ADC4087004F793D /* Release */,
			);
			defaultConfigurationIsVisible = 0;
			defaultConfigurationName = Release;
		};
		3076097C2ADC4087004F793D /* Build configuration list for PBXNativeTarget "GitHubFollowers" */ = {
			isa = XCConfigurationList;
			buildConfigurations = (
				3076097D2ADC4087004F793D /* Debug */,
				3076097E2ADC4087004F793D /* Release */,
			);
			defaultConfigurationIsVisible = 0;
			defaultConfigurationName = Release;
		};
/* End XCConfigurationList section */
	};
	rootObject = 307609602ADC4086004F793D /* Project object */;
}
